
Microsoft Visual Studio Solution File, Format Version 12.00
# Visual Studio Version 17
VisualStudioVersion = 17.10.34928.147
MinimumVisualStudioVersion = 10.0.40219.1
Project("{9A19103F-16F7-4668-BE54-9A1E7A4F7556}") = "ApiTestePaschoalotto", "ApiTestePaschoalotto\ApiTestePaschoalotto.csproj", "{13C93A8B-B38F-49D7-9D0B-6BCB43E5D5A6}"
EndProject
Global
	GlobalSection(SolutionConfigurationPlatforms) = preSolution
		Debug|Any CPU = Debug|Any CPU
		Release|Any CPU = Release|Any CPU
	EndGlobalSection
	GlobalSection(ProjectConfigurationPlatforms) = postSolution
		{13C93A8B-B38F-49D7-9D0B-6BCB43E5D5A6}.Debug|Any CPU.ActiveCfg = Debug|Any CPU
		{13C93A8B-B38F-49D7-9D0B-6BCB43E5D5A6}.Debug|Any CPU.Build.0 = Debug|Any CPU
		{13C93A8B-B38F-49D7-9D0B-6BCB43E5D5A6}.Release|Any CPU.ActiveCfg = Release|Any CPU
		{13C93A8B-B38F-49D7-9D0B-6BCB43E5D5A6}.Release|Any CPU.Build.0 = Release|Any CPU
	EndGlobalSection
	GlobalSection(SolutionProperties) = preSolution
		HideSolutionNode = FALSE
	EndGlobalSection
	GlobalSection(ExtensibilityGlobals) = postSolution
		SolutionGuid = {B157B434-8EDC-4BA6-920D-0047B1A82ED4}
	EndGlobalSection
EndGlobal
